
Microsoft Visual Studio Solution File, Format Version 12.00
# Visual Studio 15
VisualStudioVersion = 15.0.28307.1267
MinimumVisualStudioVersion = 10.0.40219.1
Project("{8BC9CEB8-8B4A-11D0-8D11-00A0C91BC942}") = "HW", "HW\HW.vcxproj", "{93C68503-207A-4EB0-AFEE-C412EEA75F91}"
EndProject
Global
	GlobalSection(SolutionConfigurationPlatforms) = preSolution
		Debug|x64 = Debug|x64
		Debug|x86 = Debug|x86
		Release|x64 = Release|x64
		Release|x86 = Release|x86
	EndGlobalSection
	GlobalSection(ProjectConfigurationPlatforms) = postSolution
		{93C68503-207A-4EB0-AFEE-C412EEA75F91}.Debug|x64.ActiveCfg = Debug|x64
		{93C68503-207A-4EB0-AFEE-C412EEA75F91}.Debug|x64.Build.0 = Debug|x64
		{93C68503-207A-4EB0-AFEE-C412EEA75F91}.Debug|x86.ActiveCfg = Debug|Win32
		{93C68503-207A-4EB0-AFEE-C412EEA75F91}.Debug|x86.Build.0 = Debug|Win32
		{93C68503-207A-4EB0-AFEE-C412EEA75F91}.Release|x64.ActiveCfg = Release|x64
		{93C68503-207A-4EB0-AFEE-C412EEA75F91}.Release|x64.Build.0 = Release|x64
		{93C68503-207A-4EB0-AFEE-C412EEA75F91}.Release|x86.ActiveCfg = Release|Win32
		{93C68503-207A-4EB0-AFEE-C412EEA75F91}.Release|x86.Build.0 = Release|Win32
	EndGlobalSection
	GlobalSection(SolutionProperties) = preSolution
		HideSolutionNode = FALSE
	EndGlobalSection
	GlobalSection(ExtensibilityGlobals) = postSolution
		SolutionGuid = {4CE92C37-A2AC-4B57-82FB-561C0FC3D053}
	EndGlobalSection
EndGlobal
